
Microsoft Visual Studio Solution File, Format Version 12.00
# Visual Studio Version 17
VisualStudioVersion = 17.5.002.0
MinimumVisualStudioVersion = 10.0.40219.1
Project("{9A19103F-16F7-4668-BE54-9A1E7A4F7556}") = "Encapsulation1", "Encapsulation1.csproj", "{DCC45695-82A1-4E3A-8879-06D6C05EF0C4}"
EndProject
Global
	GlobalSection(SolutionConfigurationPlatforms) = preSolution
		Debug|Any CPU = Debug|Any CPU
		Release|Any CPU = Release|Any CPU
	EndGlobalSection
	GlobalSection(ProjectConfigurationPlatforms) = postSolution
		{DCC45695-82A1-4E3A-8879-06D6C05EF0C4}.Debug|Any CPU.ActiveCfg = Debug|Any CPU
		{DCC45695-82A1-4E3A-8879-06D6C05EF0C4}.Debug|Any CPU.Build.0 = Debug|Any CPU
		{DCC45695-82A1-4E3A-8879-06D6C05EF0C4}.Release|Any CPU.ActiveCfg = Release|Any CPU
		{DCC45695-82A1-4E3A-8879-06D6C05EF0C4}.Release|Any CPU.Build.0 = Release|Any CPU
	EndGlobalSection
	GlobalSection(SolutionProperties) = preSolution
		HideSolutionNode = FALSE
	EndGlobalSection
	GlobalSection(ExtensibilityGlobals) = postSolution
		SolutionGuid = {3C8A7D46-A3A3-4F7A-9A3E-4C10F668269D}
	EndGlobalSection
EndGlobal
